// !$*UTF8*$!
{
	archiveVersion = 1;
	classes = {
	};
	objectVersion = 48;
	objects = {

/* Begin PBXBuildFile section */
		6B9AD2D320063C0B00C4869C /* AppDelegate.swift in Sources */ = {isa = PBXBuildFile; fileRef = 6B9AD2D220063C0B00C4869C /* AppDelegate.swift */; };
		6B9AD2D520063C0B00C4869C /* ViewController.swift in Sources */ = {isa = PBXBuildFile; fileRef = 6B9AD2D420063C0B00C4869C /* ViewController.swift */; };
		6B9AD2D820063C0B00C4869C /* Main.storyboard in Resources */ = {isa = PBXBuildFile; fileRef = 6B9AD2D620063C0B00C4869C /* Main.storyboard */; };
		6B9AD2DA20063C0B00C4869C /* Assets.xcassets in Resources */ = {isa = PBXBuildFile; fileRef = 6B9AD2D920063C0B00C4869C /* Assets.xcassets */; };
		6B9AD2DD20063C0B00C4869C /* LaunchScreen.storyboard in Resources */ = {isa = PBXBuildFile; fileRef = 6B9AD2DB20063C0B00C4869C /* LaunchScreen.storyboard */; };
/* End PBXBuildFile section */

/* Begin PBXFileReference section */
		6B9AD2CF20063C0B00C4869C /* Ish7anli.app */ = {isa = PBXFileReference; explicitFileType = wrapper.application; includeInIndex = 0; path = Ish7anli.app; sourceTree = BUILT_PRODUCTS_DIR; };
		6B9AD2D220063C0B00C4869C /* AppDelegate.swift */ = {isa = PBXFileReference; lastKnownFileType = sourcecode.swift; path = AppDelegate.swift; sourceTree = "<group>"; };
		6B9AD2D420063C0B00C4869C /* ViewController.swift */ = {isa = PBXFileReference; lastKnownFileType = sourcecode.swift; path = ViewController.swift; sourceTree = "<group>"; };
		6B9AD2D720063C0B00C4869C /* Base */ = {isa = PBXFileReference; lastKnownFileType = file.storyboard; name = Base; path = Base.lproj/Main.storyboard; sourceTree = "<group>"; };
		6B9AD2D920063C0B00C4869C /* Assets.xcassets */ = {isa = PBXFileReference; lastKnownFileType = folder.assetcatalog; path = Assets.xcassets; sourceTree = "<group>"; };
		6B9AD2DC20063C0B00C4869C /* Base */ = {isa = PBXFileReference; lastKnownFileType = file.storyboard; name = Base; path = Base.lproj/LaunchScreen.storyboard; sourceTree = "<group>"; };
		6B9AD2DE20063C0B00C4869C /* Info.plist */ = {isa = PBXFileReference; lastKnownFileType = text.plist.xml; path = Info.plist; sourceTree = "<group>"; };
/* End PBXFileReference section */

/* Begin PBXFrameworksBuildPhase section */
		6B9AD2CC20063C0B00C4869C /* Frameworks */ = {
			isa = PBXFrameworksBuildPhase;
			buildActionMask = 2147483647;
			files = (
			);
			runOnlyForDeploymentPostprocessing = 0;
		};
/* End PBXFrameworksBuildPhase section */

/* Begin PBXGroup section */
		6B9AD2C620063C0B00C4869C = {
			isa = PBXGroup;
			children = (
				6B9AD2D120063C0B00C4869C /* Ish7anli */,
				6B9AD2D020063C0B00C4869C /* Products */,
			);
			sourceTree = "<group>";
		};
		6B9AD2D020063C0B00C4869C /* Products */ = {
			isa = PBXGroup;
			children = (
				6B9AD2CF20063C0B00C4869C /* Ish7anli.app */,
			);
			name = Products;
			sourceTree = "<group>";
		};
		6B9AD2D120063C0B00C4869C /* Ish7anli */ = {
			isa = PBXGroup;
			children = (
				6B9AD2D220063C0B00C4869C /* AppDelegate.swift */,
				6B9AD2D420063C0B00C4869C /* ViewController.swift */,
				6B9AD2D620063C0B00C4869C /* Main.storyboard */,
				6B9AD2D920063C0B00C4869C /* Assets.xcassets */,
				6B9AD2DB20063C0B00C4869C /* LaunchScreen.storyboard */,
				6B9AD2DE20063C0B00C4869C /* Info.plist */,
			);
			path = Ish7anli;
			sourceTree = "<group>";
		};
/* End PBXGroup section */

/* Begin PBXNativeTarget section */
		6B9AD2CE20063C0B00C4869C /* Ish7anli */ = {
			isa = PBXNativeTarget;
			buildConfigurationList = 6B9AD2E120063C0C00C4869C /* Build configuration list for PBXNativeTarget "Ish7anli" */;
			buildPhases = (
				6B9AD2CB20063C0B00C4869C /* Sources */,
				6B9AD2CC20063C0B00C4869C /* Frameworks */,
				6B9AD2CD20063C0B00C4869C /* Resources */,
			);
			buildRules = (
			);
			dependencies = (
			);
			name = Ish7anli;
			productName = Ish7anli;
			productReference = 6B9AD2CF20063C0B00C4869C /* Ish7anli.app */;
			productType = "com.apple.product-type.application";
		};
/* End PBXNativeTarget section */

/* Begin PBXProject section */
		6B9AD2C720063C0B00C4869C /* Project object */ = {
			isa = PBXProject;
			attributes = {
				LastSwiftUpdateCheck = 0920;
				LastUpgradeCheck = 0920;
				ORGANIZATIONNAME = "Ali Al-Hassany";
				TargetAttributes = {
					6B9AD2CE20063C0B00C4869C = {
						CreatedOnToolsVersion = 9.2;
						ProvisioningStyle = Automatic;
					};
				};
			};
			buildConfigurationList = 6B9AD2CA20063C0B00C4869C /* Build configuration list for PBXProject "Ish7anli" */;
			compatibilityVersion = "Xcode 8.0";
			developmentRegion = en;
			hasScannedForEncodings = 0;
			knownRegions = (
				en,
				Base,
			);
			mainGroup = 6B9AD2C620063C0B00C4869C;
			productRefGroup = 6B9AD2D020063C0B00C4869C /* Products */;
			projectDirPath = "";
			projectRoot = "";
			targets = (
				6B9AD2CE20063C0B00C4869C /* Ish7anli */,
			);
		};
/* End PBXProject section */

/* Begin PBXResourcesBuildPhase section */
		6B9AD2CD20063C0B00C4869C /* Resources */ = {
			isa = PBXResourcesBuildPhase;
			buildActionMask = 2147483647;
			files = (
				6B9AD2DD20063C0B00C4869C /* LaunchScreen.storyboard in Resources */,
				6B9AD2DA20063C0B00C4869C /* Assets.xcassets in Resources */,
				6B9AD2D820063C0B00C4869C /* Main.storyboard in Resources */,
			);
			runOnlyForDeploymentPostprocessing = 0;
		};
/* End PBXResourcesBuildPhase section */

/* Begin PBXSourcesBuildPhase section */
		6B9AD2CB20063C0B00C4869C /* Sources */ = {
			isa = PBXSourcesBuildPhase;
			buildActionMask = 2147483647;
			files = (
				6B9AD2D520063C0B00C4869C /* ViewController.swift in Sources */,
				6B9AD2D320063C0B00C4869C /* AppDelegate.swift in Sources */,
			);
			runOnlyForDeploymentPostprocessing = 0;
		};
/* End PBXSourcesBuildPhase section */

/* Begin PBXVariantGroup section */
		6B9AD2D620063C0B00C4869C /* Main.storyboard */ = {
			isa = PBXVariantGroup;
			children = (
				6B9AD2D720063C0B00C4869C /* Base */,
			);
			name = Main.storyboard;
			sourceTree = "<group>";
		};
		6B9AD2DB20063C0B00C4869C /* LaunchScreen.storyboard */ = {
			isa = PBXVariantGroup;
			children = (
				6B9AD2DC20063C0B00C4869C /* Base */,
			);
			name = LaunchScreen.storyboard;
			sourceTree = "<group>";
		};
/* End PBXVariantGroup section */

/* Begin XCBuildConfiguration section */
		6B9AD2DF20063C0B00C4869C /* Debug */ = {
			isa = XCBuildConfiguration;
			buildSettings = {
				ALWAYS_SEARCH_USER_PATHS = NO;
				CLANG_ANALYZER_NONNULL = YES;
				CLANG_ANALYZER_NUMBER_OBJECT_CONVERSION = YES_AGGRESSIVE;
				CLANG_CXX_LANGUAGE_STANDARD = "gnu++14";
				CLANG_CXX_LIBRARY = "libc++";
				CLANG_ENABLE_MODULES = YES;
				CLANG_ENABLE_OBJC_ARC = YES;
				CLANG_WARN_BLOCK_CAPTURE_AUTORELEASING = YES;
				CLANG_WARN_BOOL_CONVERSION = YES;
				CLANG_WARN_COMMA = YES;
				CLANG_WARN_CONSTANT_CONVERSION = YES;
				CLANG_WARN_DIRECT_OBJC_ISA_USAGE = YES_ERROR;
				CLANG_WARN_DOCUMENTATION_COMMENTS = YES;
				CLANG_WARN_EMPTY_BODY = YES;
				CLANG_WARN_ENUM_CONVERSION = YES;
				CLANG_WARN_INFINITE_RECURSION = YES;
				CLANG_WARN_INT_CONVERSION = YES;
				CLANG_WARN_NON_LITERAL_NULL_CONVERSION = YES;
				CLANG_WARN_OBJC_LITERAL_CONVERSION = YES;
				CLANG_WARN_OBJC_ROOT_CLASS = YES_ERROR;
				CLANG_WARN_RANGE_LOOP_ANALYSIS = YES;
				CLANG_WARN_STRICT_PROTOTYPES = YES;
				CLANG_WARN_SUSPICIOUS_MOVE = YES;
				CLANG_WARN_UNGUARDED_AVAILABILITY = YES_AGGRESSIVE;
				CLANG_WARN_UNREACHABLE_CODE = YES;
				CLANG_WARN__DUPLICATE_METHOD_MATCH = YES;
				CODE_SIGN_IDENTITY = "iPhone Developer";
				COPY_PHASE_STRIP = NO;
				DEBUG_INFORMATION_FORMAT = dwarf;
				ENABLE_STRICT_OBJC_MSGSEND = YES;
				ENABLE_TESTABILITY = YES;
				GCC_C_LANGUAGE_STANDARD = gnu11;
				GCC_DYNAMIC_NO_PIC = NO;
				GCC_NO_COMMON_BLOCKS = YES;
				GCC_OPTIMIZATION_LEVEL = 0;
				GCC_PREPROCESSOR_DEFINITIONS = (
					"DEBUG=1",
					"$(inherited)",
				);
				GCC_WARN_64_TO_32_BIT_CONVERSION = YES;
				GCC_WARN_ABOUT_RETURN_TYPE = YES_ERROR;
				GCC_WARN_UNDECLARED_SELECTOR = YES;
				GCC_WARN_UNINITIALIZED_AUTOS = YES_AGGRESSIVE;
				GCC_WARN_UNUSED_FUNCTION = YES;
				GCC_WARN_UNUSED_VARIABLE = YES;
				IPHONEOS_DEPLOYMENT_TARGET = 11.2;
				MTL_ENABLE_DEBUG_INFO = YES;
				ONLY_ACTIVE_ARCH = YES;
				SDKROOT = iphoneos;
				SWIFT_ACTIVE_COMPILATION_CONDITIONS = DEBUG;
				SWIFT_OPTIMIZATION_LEVEL = "-Onone";
			};
			name = Debug;
		};
		6B9AD2E020063C0B00C4869C /* Release */ = {
			isa = XCBuildConfiguration;
			buildSettings = {
				ALWAYS_SEARCH_USER_PATHS = NO;
				CLANG_ANALYZER_NONNULL = YES;
				CLANG_ANALYZER_NUMBER_OBJECT_CONVERSION = YES_AGGRESSIVE;
				CLANG_CXX_LANGUAGE_STANDARD = "gnu++14";
				CLANG_CXX_LIBRARY = "libc++";
				CLANG_ENABLE_MODULES = YES;
				CLANG_ENABLE_OBJC_ARC = YES;
				CLANG_WARN_BLOCK_CAPTURE_AUTORELEASING = YES;
				CLANG_WARN_BOOL_CONVERSION = YES;
				CLANG_WARN_COMMA = YES;
				CLANG_WARN_CONSTANT_CONVERSION = YES;
				CLANG_WARN_DIRECT_OBJC_ISA_USAGE = YES_ERROR;
				CLANG_WARN_DOCUMENTATION_COMMENTS = YES;
				CLANG_WARN_EMPTY_BODY = YES;
				CLANG_WARN_ENUM_CONVERSION = YES;
				CLANG_WARN_INFINITE_RECURSION = YES;
				CLANG_WARN_INT_CONVERSION = YES;
				CLANG_WARN_NON_LITERAL_NULL_CONVERSION = YES;
				CLANG_WARN_OBJC_LITERAL_CONVERSION = YES;
				CLANG_WARN_OBJC_ROOT_CLASS = YES_ERROR;
				CLANG_WARN_RANGE_LOOP_ANALYSIS = YES;
				CLANG_WARN_STRICT_PROTOTYPES = YES;
				CLANG_WARN_SUSPICIOUS_MOVE = YES;
				CLANG_WARN_UNGUARDED_AVAILABILITY = YES_AGGRESSIVE;
				CLANG_WARN_UNREACHABLE_CODE = YES;
				CLANG_WARN__DUPLICATE_METHOD_MATCH = YES;
				CODE_SIGN_IDENTITY = "iPhone Developer";
				COPY_PHASE_STRIP = NO;
				DEBUG_INFORMATION_FORMAT = "dwarf-with-dsym";
				ENABLE_NS_ASSERTIONS = NO;
				ENABLE_STRICT_OBJC_MSGSEND = YES;
				GCC_C_LANGUAGE_STANDARD = gnu11;
				GCC_NO_COMMON_BLOCKS = YES;
				GCC_WARN_64_TO_32_BIT_CONVERSION = YES;
				GCC_WARN_ABOUT_RETURN_TYPE = YES_ERROR;
				GCC_WARN_UNDECLARED_SELECTOR = YES;
				GCC_WARN_UNINITIALIZED_AUTOS = YES_AGGRESSIVE;
				GCC_WARN_UNUSED_FUNCTION = YES;
				GCC_WARN_UNUSED_VARIABLE = YES;
				IPHONEOS_DEPLOYMENT_TARGET = 11.2;
				MTL_ENABLE_DEBUG_INFO = NO;
				SDKROOT = iphoneos;
				SWIFT_OPTIMIZATION_LEVEL = "-Owholemodule";
				VALIDATE_PRODUCT = YES;
			};
			name = Release;
		};
		6B9AD2E220063C0C00C4869C /* Debug */ = {
			isa = XCBuildConfiguration;
			buildSettings = {
				ASSETCATALOG_COMPILER_APPICON_NAME = AppIcon;
				CODE_SIGN_STYLE = Automatic;
				DEVELOPMENT_TEAM = 745GS5QSVH;
				INFOPLIST_FILE = Ish7anli/Info.plist;
				LD_RUNPATH_SEARCH_PATHS = "$(inherited) @executable_path/Frameworks";
				PRODUCT_BUNDLE_IDENTIFIER = ali.Ish7anli;
				PRODUCT_NAME = "$(TARGET_NAME)";
				SWIFT_VERSION = 4.0;
				TARGETED_DEVICE_FAMILY = "1,2";
			};
			name = Debug;
		};
		6B9AD2E320063C0C00C4869C /* Release */ = {
			isa = XCBuildConfiguration;
			buildSettings = {
				ASSETCATALOG_COMPILER_APPICON_NAME = AppIcon;
				CODE_SIGN_STYLE = Automatic;
				DEVELOPMENT_TEAM = 745GS5QSVH;
				INFOPLIST_FILE = Ish7anli/Info.plist;
				LD_RUNPATH_SEARCH_PATHS = "$(inherited) @executable_path/Frameworks";
				PRODUCT_BUNDLE_IDENTIFIER = ali.Ish7anli;
				PRODUCT_NAME = "$(TARGET_NAME)";
				SWIFT_VERSION = 4.0;
				TARGETED_DEVICE_FAMILY = "1,2";
			};
			name = Release;
		};
/* End XCBuildConfiguration section */

/* Begin XCConfigurationList section */
		6B9AD2CA20063C0B00C4869C /* Build configuration list for PBXProject "Ish7anli" */ = {
			isa = XCConfigurationList;
			buildConfigurations = (
				6B9AD2DF20063C0B00C4869C /* Debug */,
				6B9AD2E020063C0B00C4869C /* Release */,
			);
			defaultConfigurationIsVisible = 0;
			defaultConfigurationName = Release;
		};
		6B9AD2E120063C0C00C4869C /* Build configuration list for PBXNativeTarget "Ish7anli" */ = {
			isa = XCConfigurationList;
			buildConfigurations = (
				6B9AD2E220063C0C00C4869C /* Debug */,
				6B9AD2E320063C0C00C4869C /* Release */,
			);
			defaultConfigurationIsVisible = 0;
			defaultConfigurationName = Release;
		};
/* End XCConfigurationList section */
	};
	rootObject = 6B9AD2C720063C0B00C4869C /* Project object */;
}
